// !$*UTF8*$!
{
	archiveVersion = 1;
	classes = {
	};
	objectVersion = 56;
	objects = {

/* Begin PBXBuildFile section */
		947512FE29DC06050012EA37 /* AppDelegate.swift in Sources */ = {isa = PBXBuildFile; fileRef = 947512FD29DC06050012EA37 /* AppDelegate.swift */; };
		9475130029DC06050012EA37 /* SceneDelegate.swift in Sources */ = {isa = PBXBuildFile; fileRef = 947512FF29DC06050012EA37 /* SceneDelegate.swift */; };
		9475130229DC06050012EA37 /* ViewController.swift in Sources */ = {isa = PBXBuildFile; fileRef = 9475130129DC06050012EA37 /* ViewController.swift */; };
		9475130529DC06050012EA37 /* Main.storyboard in Resources */ = {isa = PBXBuildFile; fileRef = 9475130329DC06050012EA37 /* Main.storyboard */; };
		9475130729DC06080012EA37 /* Assets.xcassets in Resources */ = {isa = PBXBuildFile; fileRef = 9475130629DC06080012EA37 /* Assets.xcassets */; };
		9475130A29DC06080012EA37 /* LaunchScreen.storyboard in Resources */ = {isa = PBXBuildFile; fileRef = 9475130829DC06080012EA37 /* LaunchScreen.storyboard */; };
		9475131929DC0D790012EA37 /* D.wav in Resources */ = {isa = PBXBuildFile; fileRef = 9475131229DC0D790012EA37 /* D.wav */; };
		9475131A29DC0D790012EA37 /* B.wav in Resources */ = {isa = PBXBuildFile; fileRef = 9475131329DC0D790012EA37 /* B.wav */; };
		9475131B29DC0D790012EA37 /* C.wav in Resources */ = {isa = PBXBuildFile; fileRef = 9475131429DC0D790012EA37 /* C.wav */; };
		9475131C29DC0D790012EA37 /* A.wav in Resources */ = {isa = PBXBuildFile; fileRef = 9475131529DC0D790012EA37 /* A.wav */; };
		9475131D29DC0D790012EA37 /* F.wav in Resources */ = {isa = PBXBuildFile; fileRef = 9475131629DC0D790012EA37 /* F.wav */; };
		9475131E29DC0D790012EA37 /* E.wav in Resources */ = {isa = PBXBuildFile; fileRef = 9475131729DC0D790012EA37 /* E.wav */; };
		9475131F29DC0D790012EA37 /* G.wav in Resources */ = {isa = PBXBuildFile; fileRef = 9475131829DC0D790012EA37 /* G.wav */; };
/* End PBXBuildFile section */

/* Begin PBXFileReference section */
		947512FA29DC06050012EA37 /* Module_7_Xylophone.app */ = {isa = PBXFileReference; explicitFileType = wrapper.application; includeInIndex = 0; path = Module_7_Xylophone.app; sourceTree = BUILT_PRODUCTS_DIR; };
		947512FD29DC06050012EA37 /* AppDelegate.swift */ = {isa = PBXFileReference; lastKnownFileType = sourcecode.swift; path = AppDelegate.swift; sourceTree = "<group>"; };
		947512FF29DC06050012EA37 /* SceneDelegate.swift */ = {isa = PBXFileReference; lastKnownFileType = sourcecode.swift; path = SceneDelegate.swift; sourceTree = "<group>"; };
		9475130129DC06050012EA37 /* ViewController.swift */ = {isa = PBXFileReference; lastKnownFileType = sourcecode.swift; path = ViewController.swift; sourceTree = "<group>"; };
		9475130429DC06050012EA37 /* Base */ = {isa = PBXFileReference; lastKnownFileType = file.storyboard; name = Base; path = Base.lproj/Main.storyboard; sourceTree = "<group>"; };
		9475130629DC06080012EA37 /* Assets.xcassets */ = {isa = PBXFileReference; lastKnownFileType = folder.assetcatalog; path = Assets.xcassets; sourceTree = "<group>"; };
		9475130929DC06080012EA37 /* Base */ = {isa = PBXFileReference; lastKnownFileType = file.storyboard; name = Base; path = Base.lproj/LaunchScreen.storyboard; sourceTree = "<group>"; };
		9475130B29DC06080012EA37 /* Info.plist */ = {isa = PBXFileReference; lastKnownFileType = text.plist.xml; path = Info.plist; sourceTree = "<group>"; };
		9475131229DC0D790012EA37 /* D.wav */ = {isa = PBXFileReference; lastKnownFileType = audio.wav; path = D.wav; sourceTree = "<group>"; };
		9475131329DC0D790012EA37 /* B.wav */ = {isa = PBXFileReference; lastKnownFileType = audio.wav; path = B.wav; sourceTree = "<group>"; };
		9475131429DC0D790012EA37 /* C.wav */ = {isa = PBXFileReference; lastKnownFileType = audio.wav; path = C.wav; sourceTree = "<group>"; };
		9475131529DC0D790012EA37 /* A.wav */ = {isa = PBXFileReference; lastKnownFileType = audio.wav; path = A.wav; sourceTree = "<group>"; };
		9475131629DC0D790012EA37 /* F.wav */ = {isa = PBXFileReference; lastKnownFileType = audio.wav; path = F.wav; sourceTree = "<group>"; };
		9475131729DC0D790012EA37 /* E.wav */ = {isa = PBXFileReference; lastKnownFileType = audio.wav; path = E.wav; sourceTree = "<group>"; };
		9475131829DC0D790012EA37 /* G.wav */ = {isa = PBXFileReference; lastKnownFileType = audio.wav; path = G.wav; sourceTree = "<group>"; };
/* End PBXFileReference section */

/* Begin PBXFrameworksBuildPhase section */
		947512F729DC06050012EA37 /* Frameworks */ = {
			isa = PBXFrameworksBuildPhase;
			buildActionMask = 2147483647;
			files = (
			);
			runOnlyForDeploymentPostprocessing = 0;
		};
/* End PBXFrameworksBuildPhase section */

/* Begin PBXGroup section */
		947512F129DC06050012EA37 = {
			isa = PBXGroup;
			children = (
				947512FC29DC06050012EA37 /* Module_7_Xylophone */,
				947512FB29DC06050012EA37 /* Products */,
			);
			sourceTree = "<group>";
		};
		947512FB29DC06050012EA37 /* Products */ = {
			isa = PBXGroup;
			children = (
				947512FA29DC06050012EA37 /* Module_7_Xylophone.app */,
			);
			name = Products;
			sourceTree = "<group>";
		};
		947512FC29DC06050012EA37 /* Module_7_Xylophone */ = {
			isa = PBXGroup;
			children = (
				947512FD29DC06050012EA37 /* AppDelegate.swift */,
				947512FF29DC06050012EA37 /* SceneDelegate.swift */,
				9475130129DC06050012EA37 /* ViewController.swift */,
				9475130329DC06050012EA37 /* Main.storyboard */,
				9475130629DC06080012EA37 /* Assets.xcassets */,
				9475130829DC06080012EA37 /* LaunchScreen.storyboard */,
				9475131129DC0CC70012EA37 /* Sounds */,
				9475130B29DC06080012EA37 /* Info.plist */,
			);
			path = Module_7_Xylophone;
			sourceTree = "<group>";
		};
		9475131129DC0CC70012EA37 /* Sounds */ = {
			isa = PBXGroup;
			children = (
				9475131529DC0D790012EA37 /* A.wav */,
				9475131329DC0D790012EA37 /* B.wav */,
				9475131429DC0D790012EA37 /* C.wav */,
				9475131229DC0D790012EA37 /* D.wav */,
				9475131729DC0D790012EA37 /* E.wav */,
				9475131629DC0D790012EA37 /* F.wav */,
				9475131829DC0D790012EA37 /* G.wav */,
			);
			path = Sounds;
			sourceTree = "<group>";
		};
/* End PBXGroup section */

/* Begin PBXNativeTarget section */
		947512F929DC06050012EA37 /* Module_7_Xylophone */ = {
			isa = PBXNativeTarget;
			buildConfigurationList = 9475130E29DC06080012EA37 /* Build configuration list for PBXNativeTarget "Module_7_Xylophone" */;
			buildPhases = (
				947512F629DC06050012EA37 /* Sources */,
				947512F729DC06050012EA37 /* Frameworks */,
				947512F829DC06050012EA37 /* Resources */,
			);
			buildRules = (
			);
			dependencies = (
			);
			name = Module_7_Xylophone;
			productName = Module_7_Xylophone;
			productReference = 947512FA29DC06050012EA37 /* Module_7_Xylophone.app */;
			productType = "com.apple.product-type.application";
		};
/* End PBXNativeTarget section */

/* Begin PBXProject section */
		947512F229DC06050012EA37 /* Project object */ = {
			isa = PBXProject;
			attributes = {
				BuildIndependentTargetsInParallel = 1;
				LastSwiftUpdateCheck = 1420;
				LastUpgradeCheck = 1420;
				TargetAttributes = {
					947512F929DC06050012EA37 = {
						CreatedOnToolsVersion = 14.2;
					};
				};
			};
			buildConfigurationList = 947512F529DC06050012EA37 /* Build configuration list for PBXProject "Module_7_Xylophone" */;
			compatibilityVersion = "Xcode 14.0";
			developmentRegion = en;
			hasScannedForEncodings = 0;
			knownRegions = (
				en,
				Base,
			);
			mainGroup = 947512F129DC06050012EA37;
			productRefGroup = 947512FB29DC06050012EA37 /* Products */;
			projectDirPath = "";
			projectRoot = "";
			targets = (
				947512F929DC06050012EA37 /* Module_7_Xylophone */,
			);
		};
/* End PBXProject section */

/* Begin PBXResourcesBuildPhase section */
		947512F829DC06050012EA37 /* Resources */ = {
			isa = PBXResourcesBuildPhase;
			buildActionMask = 2147483647;
			files = (
				9475131C29DC0D790012EA37 /* A.wav in Resources */,
				9475131B29DC0D790012EA37 /* C.wav in Resources */,
				9475130A29DC06080012EA37 /* LaunchScreen.storyboard in Resources */,
				9475131A29DC0D790012EA37 /* B.wav in Resources */,
				9475131929DC0D790012EA37 /* D.wav in Resources */,
				9475130729DC06080012EA37 /* Assets.xcassets in Resources */,
				9475131F29DC0D790012EA37 /* G.wav in Resources */,
				9475131E29DC0D790012EA37 /* E.wav in Resources */,
				9475130529DC06050012EA37 /* Main.storyboard in Resources */,
				9475131D29DC0D790012EA37 /* F.wav in Resources */,
			);
			runOnlyForDeploymentPostprocessing = 0;
		};
/* End PBXResourcesBuildPhase section */

/* Begin PBXSourcesBuildPhase section */
		947512F629DC06050012EA37 /* Sources */ = {
			isa = PBXSourcesBuildPhase;
			buildActionMask = 2147483647;
			files = (
				9475130229DC06050012EA37 /* ViewController.swift in Sources */,
				947512FE29DC06050012EA37 /* AppDelegate.swift in Sources */,
				9475130029DC06050012EA37 /* SceneDelegate.swift in Sources */,
			);
			runOnlyForDeploymentPostprocessing = 0;
		};
/* End PBXSourcesBuildPhase section */

/* Begin PBXVariantGroup section */
		9475130329DC06050012EA37 /* Main.storyboard */ = {
			isa = PBXVariantGroup;
			children = (
				9475130429DC06050012EA37 /* Base */,
			);
			name = Main.storyboard;
			sourceTree = "<group>";
		};
		9475130829DC06080012EA37 /* LaunchScreen.storyboard */ = {
			isa = PBXVariantGroup;
			children = (
				9475130929DC06080012EA37 /* Base */,
			);
			name = LaunchScreen.storyboard;
			sourceTree = "<group>";
		};
/* End PBXVariantGroup section */

/* Begin XCBuildConfiguration section */
		9475130C29DC06080012EA37 /* Debug */ = {
			isa = XCBuildConfiguration;
			buildSettings = {
				ALWAYS_SEARCH_USER_PATHS = NO;
				CLANG_ANALYZER_NONNULL = YES;
				CLANG_ANALYZER_NUMBER_OBJECT_CONVERSION = YES_AGGRESSIVE;
				CLANG_CXX_LANGUAGE_STANDARD = "gnu++20";
				CLANG_ENABLE_MODULES = YES;
				CLANG_ENABLE_OBJC_ARC = YES;
				CLANG_ENABLE_OBJC_WEAK = YES;
				CLANG_WARN_BLOCK_CAPTURE_AUTORELEASING = YES;
				CLANG_WARN_BOOL_CONVERSION = YES;
				CLANG_WARN_COMMA = YES;
				CLANG_WARN_CONSTANT_CONVERSION = YES;
				CLANG_WARN_DEPRECATED_OBJC_IMPLEMENTATIONS = YES;
				CLANG_WARN_DIRECT_OBJC_ISA_USAGE = YES_ERROR;
				CLANG_WARN_DOCUMENTATION_COMMENTS = YES;
				CLANG_WARN_EMPTY_BODY = YES;
				CLANG_WARN_ENUM_CONVERSION = YES;
				CLANG_WARN_INFINITE_RECURSION = YES;
				CLANG_WARN_INT_CONVERSION = YES;
				CLANG_WARN_NON_LITERAL_NULL_CONVERSION = YES;
				CLANG_WARN_OBJC_IMPLICIT_RETAIN_SELF = YES;
				CLANG_WARN_OBJC_LITERAL_CONVERSION = YES;
				CLANG_WARN_OBJC_ROOT_CLASS = YES_ERROR;
				CLANG_WARN_QUOTED_INCLUDE_IN_FRAMEWORK_HEADER = YES;
				CLANG_WARN_RANGE_LOOP_ANALYSIS = YES;
				CLANG_WARN_STRICT_PROTOTYPES = YES;
				CLANG_WARN_SUSPICIOUS_MOVE = YES;
				CLANG_WARN_UNGUARDED_AVAILABILITY = YES_AGGRESSIVE;
				CLANG_WARN_UNREACHABLE_CODE = YES;
				CLANG_WARN__DUPLICATE_METHOD_MATCH = YES;
				COPY_PHASE_STRIP = NO;
				DEBUG_INFORMATION_FORMAT = dwarf;
				ENABLE_STRICT_OBJC_MSGSEND = YES;
				ENABLE_TESTABILITY = YES;
				GCC_C_LANGUAGE_STANDARD = gnu11;
				GCC_DYNAMIC_NO_PIC = NO;
				GCC_NO_COMMON_BLOCKS = YES;
				GCC_OPTIMIZATION_LEVEL = 0;
				GCC_PREPROCESSOR_DEFINITIONS = (
					"DEBUG=1",
					"$(inherited)",
				);
				GCC_WARN_64_TO_32_BIT_CONVERSION = YES;
				GCC_WARN_ABOUT_RETURN_TYPE = YES_ERROR;
				GCC_WARN_UNDECLARED_SELECTOR = YES;
				GCC_WARN_UNINITIALIZED_AUTOS = YES_AGGRESSIVE;
				GCC_WARN_UNUSED_FUNCTION = YES;
				GCC_WARN_UNUSED_VARIABLE = YES;
				IPHONEOS_DEPLOYMENT_TARGET = 16.2;
				MTL_ENABLE_DEBUG_INFO = INCLUDE_SOURCE;
				MTL_FAST_MATH = YES;
				ONLY_ACTIVE_ARCH = YES;
				SDKROOT = iphoneos;
				SWIFT_ACTIVE_COMPILATION_CONDITIONS = DEBUG;
				SWIFT_OPTIMIZATION_LEVEL = "-Onone";
			};
			name = Debug;
		};
		9475130D29DC06080012EA37 /* Release */ = {
			isa = XCBuildConfiguration;
			buildSettings = {
				ALWAYS_SEARCH_USER_PATHS = NO;
				CLANG_ANALYZER_NONNULL = YES;
				CLANG_ANALYZER_NUMBER_OBJECT_CONVERSION = YES_AGGRESSIVE;
				CLANG_CXX_LANGUAGE_STANDARD = "gnu++20";
				CLANG_ENABLE_MODULES = YES;
				CLANG_ENABLE_OBJC_ARC = YES;
				CLANG_ENABLE_OBJC_WEAK = YES;
				CLANG_WARN_BLOCK_CAPTURE_AUTORELEASING = YES;
				CLANG_WARN_BOOL_CONVERSION = YES;
				CLANG_WARN_COMMA = YES;
				CLANG_WARN_CONSTANT_CONVERSION = YES;
				CLANG_WARN_DEPRECATED_OBJC_IMPLEMENTATIONS = YES;
				CLANG_WARN_DIRECT_OBJC_ISA_USAGE = YES_ERROR;
				CLANG_WARN_DOCUMENTATION_COMMENTS = YES;
				CLANG_WARN_EMPTY_BODY = YES;
				CLANG_WARN_ENUM_CONVERSION = YES;
				CLANG_WARN_INFINITE_RECURSION = YES;
				CLANG_WARN_INT_CONVERSION = YES;
				CLANG_WARN_NON_LITERAL_NULL_CONVERSION = YES;
				CLANG_WARN_OBJC_IMPLICIT_RETAIN_SELF = YES;
				CLANG_WARN_OBJC_LITERAL_CONVERSION = YES;
				CLANG_WARN_OBJC_ROOT_CLASS = YES_ERROR;
				CLANG_WARN_QUOTED_INCLUDE_IN_FRAMEWORK_HEADER = YES;
				CLANG_WARN_RANGE_LOOP_ANALYSIS = YES;
				CLANG_WARN_STRICT_PROTOTYPES = YES;
				CLANG_WARN_SUSPICIOUS_MOVE = YES;
				CLANG_WARN_UNGUARDED_AVAILABILITY = YES_AGGRESSIVE;
				CLANG_WARN_UNREACHABLE_CODE = YES;
				CLANG_WARN__DUPLICATE_METHOD_MATCH = YES;
				COPY_PHASE_STRIP = NO;
				DEBUG_INFORMATION_FORMAT = "dwarf-with-dsym";
				ENABLE_NS_ASSERTIONS = NO;
				ENABLE_STRICT_OBJC_MSGSEND = YES;
				GCC_C_LANGUAGE_STANDARD = gnu11;
				GCC_NO_COMMON_BLOCKS = YES;
				GCC_WARN_64_TO_32_BIT_CONVERSION = YES;
				GCC_WARN_ABOUT_RETURN_TYPE = YES_ERROR;
				GCC_WARN_UNDECLARED_SELECTOR = YES;
				GCC_WARN_UNINITIALIZED_AUTOS = YES_AGGRESSIVE;
				GCC_WARN_UNUSED_FUNCTION = YES;
				GCC_WARN_UNUSED_VARIABLE = YES;
				IPHONEOS_DEPLOYMENT_TARGET = 16.2;
				MTL_ENABLE_DEBUG_INFO = NO;
				MTL_FAST_MATH = YES;
				SDKROOT = iphoneos;
				SWIFT_COMPILATION_MODE = wholemodule;
				SWIFT_OPTIMIZATION_LEVEL = "-O";
				VALIDATE_PRODUCT = YES;
			};
			name = Release;
		};
		9475130F29DC06080012EA37 /* Debug */ = {
			isa = XCBuildConfiguration;
			buildSettings = {
				ASSETCATALOG_COMPILER_APPICON_NAME = AppIcon;
				ASSETCATALOG_COMPILER_GLOBAL_ACCENT_COLOR_NAME = AccentColor;
				CODE_SIGN_STYLE = Automatic;
				CURRENT_PROJECT_VERSION = 1;
				DEVELOPMENT_TEAM = R9DP8RU754;
				GENERATE_INFOPLIST_FILE = YES;
				INFOPLIST_FILE = Module_7_Xylophone/Info.plist;
				INFOPLIST_KEY_UIApplicationSupportsIndirectInputEvents = YES;
				INFOPLIST_KEY_UILaunchStoryboardName = LaunchScreen;
				INFOPLIST_KEY_UIMainStoryboardFile = Main;
				INFOPLIST_KEY_UISupportedInterfaceOrientations_iPad = "UIInterfaceOrientationPortrait UIInterfaceOrientationPortraitUpsideDown UIInterfaceOrientationLandscapeLeft UIInterfaceOrientationLandscapeRight";
				INFOPLIST_KEY_UISupportedInterfaceOrientations_iPhone = "UIInterfaceOrientationPortrait UIInterfaceOrientationLandscapeLeft UIInterfaceOrientationLandscapeRight";
				LD_RUNPATH_SEARCH_PATHS = (
					"$(inherited)",
					"@executable_path/Frameworks",
				);
				MARKETING_VERSION = 1.0;
				PRODUCT_BUNDLE_IDENTIFIER = "potatoapp.Module-7-Xylophone";
				PRODUCT_NAME = "$(TARGET_NAME)";
				SWIFT_EMIT_LOC_STRINGS = YES;
				SWIFT_VERSION = 5.0;
				TARGETED_DEVICE_FAMILY = "1,2";
			};
			name = Debug;
		};
		9475131029DC06080012EA37 /* Release */ = {
			isa = XCBuildConfiguration;
			buildSettings = {
				ASSETCATALOG_COMPILER_APPICON_NAME = AppIcon;
				ASSETCATALOG_COMPILER_GLOBAL_ACCENT_COLOR_NAME = AccentColor;
				CODE_SIGN_STYLE = Automatic;
				CURRENT_PROJECT_VERSION = 1;
				DEVELOPMENT_TEAM = R9DP8RU754;
				GENERATE_INFOPLIST_FILE = YES;
				INFOPLIST_FILE = Module_7_Xylophone/Info.plist;
				INFOPLIST_KEY_UIApplicationSupportsIndirectInputEvents = YES;
				INFOPLIST_KEY_UILaunchStoryboardName = LaunchScreen;
				INFOPLIST_KEY_UIMainStoryboardFile = Main;
				INFOPLIST_KEY_UISupportedInterfaceOrientations_iPad = "UIInterfaceOrientationPortrait UIInterfaceOrientationPortraitUpsideDown UIInterfaceOrientationLandscapeLeft UIInterfaceOrientationLandscapeRight";
				INFOPLIST_KEY_UISupportedInterfaceOrientations_iPhone = "UIInterfaceOrientationPortrait UIInterfaceOrientationLandscapeLeft UIInterfaceOrientationLandscapeRight";
				LD_RUNPATH_SEARCH_PATHS = (
					"$(inherited)",
					"@executable_path/Frameworks",
				);
				MARKETING_VERSION = 1.0;
				PRODUCT_BUNDLE_IDENTIFIER = "potatoapp.Module-7-Xylophone";
				PRODUCT_NAME = "$(TARGET_NAME)";
				SWIFT_EMIT_LOC_STRINGS = YES;
				SWIFT_VERSION = 5.0;
				TARGETED_DEVICE_FAMILY = "1,2";
			};
			name = Release;
		};
/* End XCBuildConfiguration section */

/* Begin XCConfigurationList section */
		947512F529DC06050012EA37 /* Build configuration list for PBXProject "Module_7_Xylophone" */ = {
			isa = XCConfigurationList;
			buildConfigurations = (
				9475130C29DC06080012EA37 /* Debug */,
				9475130D29DC06080012EA37 /* Release */,
			);
			defaultConfigurationIsVisible = 0;
			defaultConfigurationName = Release;
		};
		9475130E29DC06080012EA37 /* Build configuration list for PBXNativeTarget "Module_7_Xylophone" */ = {
			isa = XCConfigurationList;
			buildConfigurations = (
				9475130F29DC06080012EA37 /* Debug */,
				9475131029DC06080012EA37 /* Release */,
			);
			defaultConfigurationIsVisible = 0;
			defaultConfigurationName = Release;
		};
/* End XCConfigurationList section */
	};
	rootObject = 947512F229DC06050012EA37 /* Project object */;
}
